// !$*UTF8*$!
{
	archiveVersion = 1;
	classes = {
	};
	objectVersion = 50;
	objects = {

/* Begin PBXBuildFile section */
		2CBBAC6D345D429BEE409AF1 /* libPods-AIRedPackVIPER-RACObjc.a in Frameworks */ = {isa = PBXBuildFile; fileRef = 464E08F3447845AC4F746CA4 /* libPods-AIRedPackVIPER-RACObjc.a */; };
		451131CC2146AAFC0040CA41 /* AISendPackRoute.m in Sources */ = {isa = PBXBuildFile; fileRef = 4511319B2146AAFC0040CA41 /* AISendPackRoute.m */; };
		451131CD2146AAFC0040CA41 /* AIShowSendPackRoute.m in Sources */ = {isa = PBXBuildFile; fileRef = 4511319C2146AAFC0040CA41 /* AIShowSendPackRoute.m */; };
		451131CE2146AAFC0040CA41 /* AISendPackEntity.m in Sources */ = {isa = PBXBuildFile; fileRef = 451131A12146AAFC0040CA41 /* AISendPackEntity.m */; };
		451131CF2146AAFC0040CA41 /* AISendPackConfigEntity.m in Sources */ = {isa = PBXBuildFile; fileRef = 451131A42146AAFC0040CA41 /* AISendPackConfigEntity.m */; };
		451131D02146AAFC0040CA41 /* AISendPackPresneter.m in Sources */ = {isa = PBXBuildFile; fileRef = 451131A82146AAFC0040CA41 /* AISendPackPresneter.m */; };
		451131D12146AAFC0040CA41 /* AISendPackNetworkManager.m in Sources */ = {isa = PBXBuildFile; fileRef = 451131AA2146AAFC0040CA41 /* AISendPackNetworkManager.m */; };
		451131D22146AAFC0040CA41 /* AIGroupSendPackHeaderView.m in Sources */ = {isa = PBXBuildFile; fileRef = 451131AD2146AAFC0040CA41 /* AIGroupSendPackHeaderView.m */; };
		451131D32146AAFC0040CA41 /* AISingleSendPackViewController.m in Sources */ = {isa = PBXBuildFile; fileRef = 451131AE2146AAFC0040CA41 /* AISingleSendPackViewController.m */; };
		451131D42146AAFC0040CA41 /* AIBaseSendPackCellModel.m in Sources */ = {isa = PBXBuildFile; fileRef = 451131B02146AAFC0040CA41 /* AIBaseSendPackCellModel.m */; };
		451131D52146AAFC0040CA41 /* AIGreetingCellModel.m in Sources */ = {isa = PBXBuildFile; fileRef = 451131B32146AAFC0040CA41 /* AIGreetingCellModel.m */; };
		451131D62146AAFC0040CA41 /* AIGroupSendRedPackModel.m in Sources */ = {isa = PBXBuildFile; fileRef = 451131B42146AAFC0040CA41 /* AIGroupSendRedPackModel.m */; };
		451131D72146AAFC0040CA41 /* AIRedPackCellModel.m in Sources */ = {isa = PBXBuildFile; fileRef = 451131B82146AAFC0040CA41 /* AIRedPackCellModel.m */; };
		451131D82146AAFC0040CA41 /* AISendPackFooterView.m in Sources */ = {isa = PBXBuildFile; fileRef = 451131BA2146AAFC0040CA41 /* AISendPackFooterView.m */; };
		451131D92146AAFC0040CA41 /* AIRedPackTableViewCell.m in Sources */ = {isa = PBXBuildFile; fileRef = 451131BB2146AAFC0040CA41 /* AIRedPackTableViewCell.m */; };
		451131DA2146AAFC0040CA41 /* AIGroupSendPackViewController.m in Sources */ = {isa = PBXBuildFile; fileRef = 451131BC2146AAFC0040CA41 /* AIGroupSendPackViewController.m */; };
		451131DB2146AAFC0040CA41 /* AIBaseSendPackViewController.m in Sources */ = {isa = PBXBuildFile; fileRef = 451131BE2146AAFC0040CA41 /* AIBaseSendPackViewController.m */; };
		451131DC2146AAFC0040CA41 /* AIGreetingTableViewCell.m in Sources */ = {isa = PBXBuildFile; fileRef = 451131C02146AAFC0040CA41 /* AIGreetingTableViewCell.m */; };
		451131DD2146AAFC0040CA41 /* AISendPackSectionHeaderView.m in Sources */ = {isa = PBXBuildFile; fileRef = 451131C62146AAFC0040CA41 /* AISendPackSectionHeaderView.m */; };
		451131DE2146AAFC0040CA41 /* AISendPackInteractor.m in Sources */ = {isa = PBXBuildFile; fileRef = 451131C92146AAFC0040CA41 /* AISendPackInteractor.m */; };
		451131E22146B61A0040CA41 /* AIScaleTool.m in Sources */ = {isa = PBXBuildFile; fileRef = 451131E12146B61A0040CA41 /* AIScaleTool.m */; };
		451131E52147C1060040CA41 /* AITransferPasswordView.m in Sources */ = {isa = PBXBuildFile; fileRef = 451131E42147C1060040CA41 /* AITransferPasswordView.m */; };
		451131EA2147C2790040CA41 /* TGPasswordTextField.m in Sources */ = {isa = PBXBuildFile; fileRef = 451131E72147C2790040CA41 /* TGPasswordTextField.m */; };
		451131EB2147C2790040CA41 /* TGPasswordFieldView.m in Sources */ = {isa = PBXBuildFile; fileRef = 451131E92147C2790040CA41 /* TGPasswordFieldView.m */; };
		45878E6A2147CC3500046BC2 /* RegexManager.m in Sources */ = {isa = PBXBuildFile; fileRef = 45878E692147CC3500046BC2 /* RegexManager.m */; };
		45EA0D7D2146A702003DAAC3 /* AppDelegate.m in Sources */ = {isa = PBXBuildFile; fileRef = 45EA0D7C2146A702003DAAC3 /* AppDelegate.m */; };
		45EA0D852146A706003DAAC3 /* Assets.xcassets in Resources */ = {isa = PBXBuildFile; fileRef = 45EA0D842146A706003DAAC3 /* Assets.xcassets */; };
		45EA0D882146A706003DAAC3 /* LaunchScreen.storyboard in Resources */ = {isa = PBXBuildFile; fileRef = 45EA0D862146A706003DAAC3 /* LaunchScreen.storyboard */; };
		45EA0D8B2146A706003DAAC3 /* main.m in Sources */ = {isa = PBXBuildFile; fileRef = 45EA0D8A2146A706003DAAC3 /* main.m */; };
		45EA0D952146A707003DAAC3 /* AIRedPackVIPER_RACObjcTests.m in Sources */ = {isa = PBXBuildFile; fileRef = 45EA0D942146A707003DAAC3 /* AIRedPackVIPER_RACObjcTests.m */; };
		45EA0DA02146A707003DAAC3 /* AIRedPackVIPER_RACObjcUITests.m in Sources */ = {isa = PBXBuildFile; fileRef = 45EA0D9F2146A707003DAAC3 /* AIRedPackVIPER_RACObjcUITests.m */; };
/* End PBXBuildFile section */

/* Begin PBXContainerItemProxy section */
		45EA0D912146A707003DAAC3 /* PBXContainerItemProxy */ = {
			isa = PBXContainerItemProxy;
			containerPortal = 45EA0D702146A701003DAAC3 /* Project object */;
			proxyType = 1;
			remoteGlobalIDString = 45EA0D772146A701003DAAC3;
			remoteInfo = "AIRedPackVIPER-RACObjc";
		};
		45EA0D9C2146A707003DAAC3 /* PBXContainerItemProxy */ = {
			isa = PBXContainerItemProxy;
			containerPortal = 45EA0D702146A701003DAAC3 /* Project object */;
			proxyType = 1;
			remoteGlobalIDString = 45EA0D772146A701003DAAC3;
			remoteInfo = "AIRedPackVIPER-RACObjc";
		};
/* End PBXContainerItemProxy section */

/* Begin PBXFileReference section */
		1356C6C98EA964783D20B866 /* Pods-AIRedPackVIPER-RACObjc.debug.xcconfig */ = {isa = PBXFileReference; includeInIndex = 1; lastKnownFileType = text.xcconfig; name = "Pods-AIRedPackVIPER-RACObjc.debug.xcconfig"; path = "Pods/Target Support Files/Pods-AIRedPackVIPER-RACObjc/Pods-AIRedPackVIPER-RACObjc.debug.xcconfig"; sourceTree = "<group>"; };
		4511319A2146AAFC0040CA41 /* AIShowSendPackRouteProtocol.h */ = {isa = PBXFileReference; fileEncoding = 4; lastKnownFileType = sourcecode.c.h; path = AIShowSendPackRouteProtocol.h; sourceTree = "<group>"; };
		4511319B2146AAFC0040CA41 /* AISendPackRoute.m */ = {isa = PBXFileReference; fileEncoding = 4; lastKnownFileType = sourcecode.c.objc; path = AISendPackRoute.m; sourceTree = "<group>"; };
		4511319C2146AAFC0040CA41 /* AIShowSendPackRoute.m */ = {isa = PBXFileReference; fileEncoding = 4; lastKnownFileType = sourcecode.c.objc; path = AIShowSendPackRoute.m; sourceTree = "<group>"; };
		4511319D2146AAFC0040CA41 /* AIShowSendPackRoute.h */ = {isa = PBXFileReference; fileEncoding = 4; lastKnownFileType = sourcecode.c.h; path = AIShowSendPackRoute.h; sourceTree = "<group>"; };
		4511319E2146AAFC0040CA41 /* AISendPackRoute.h */ = {isa = PBXFileReference; fileEncoding = 4; lastKnownFileType = sourcecode.c.h; path = AISendPackRoute.h; sourceTree = "<group>"; };
		4511319F2146AAFC0040CA41 /* AISendPackRouteProtocol.h */ = {isa = PBXFileReference; fileEncoding = 4; lastKnownFileType = sourcecode.c.h; path = AISendPackRouteProtocol.h; sourceTree = "<group>"; };
		451131A12146AAFC0040CA41 /* AISendPackEntity.m */ = {isa = PBXFileReference; fileEncoding = 4; lastKnownFileType = sourcecode.c.objc; path = AISendPackEntity.m; sourceTree = "<group>"; };
		451131A22146AAFC0040CA41 /* AISendPackConfigEntity.h */ = {isa = PBXFileReference; fileEncoding = 4; lastKnownFileType = sourcecode.c.h; path = AISendPackConfigEntity.h; sourceTree = "<group>"; };
		451131A32146AAFC0040CA41 /* AISendPackEntity.h */ = {isa = PBXFileReference; fileEncoding = 4; lastKnownFileType = sourcecode.c.h; path = AISendPackEntity.h; sourceTree = "<group>"; };
		451131A42146AAFC0040CA41 /* AISendPackConfigEntity.m */ = {isa = PBXFileReference; fileEncoding = 4; lastKnownFileType = sourcecode.c.objc; path = AISendPackConfigEntity.m; sourceTree = "<group>"; };
		451131A62146AAFC0040CA41 /* AISendPackPresneter.h */ = {isa = PBXFileReference; fileEncoding = 4; lastKnownFileType = sourcecode.c.h; path = AISendPackPresneter.h; sourceTree = "<group>"; };
		451131A72146AAFC0040CA41 /* AISendPackPresenterProtocol.h */ = {isa = PBXFileReference; fileEncoding = 4; lastKnownFileType = sourcecode.c.h; path = AISendPackPresenterProtocol.h; sourceTree = "<group>"; };
		451131A82146AAFC0040CA41 /* AISendPackPresneter.m */ = {isa = PBXFileReference; fileEncoding = 4; lastKnownFileType = sourcecode.c.objc; path = AISendPackPresneter.m; sourceTree = "<group>"; };
		451131AA2146AAFC0040CA41 /* AISendPackNetworkManager.m */ = {isa = PBXFileReference; fileEncoding = 4; lastKnownFileType = sourcecode.c.objc; path = AISendPackNetworkManager.m; sourceTree = "<group>"; };
		451131AB2146AAFC0040CA41 /* AISendPackNetworkManager.h */ = {isa = PBXFileReference; fileEncoding = 4; lastKnownFileType = sourcecode.c.h; path = AISendPackNetworkManager.h; sourceTree = "<group>"; };
		451131AD2146AAFC0040CA41 /* AIGroupSendPackHeaderView.m */ = {isa = PBXFileReference; fileEncoding = 4; lastKnownFileType = sourcecode.c.objc; path = AIGroupSendPackHeaderView.m; sourceTree = "<group>"; };
		451131AE2146AAFC0040CA41 /* AISingleSendPackViewController.m */ = {isa = PBXFileReference; fileEncoding = 4; lastKnownFileType = sourcecode.c.objc; path = AISingleSendPackViewController.m; sourceTree = "<group>"; };
		451131B02146AAFC0040CA41 /* AIBaseSendPackCellModel.m */ = {isa = PBXFileReference; fileEncoding = 4; lastKnownFileType = sourcecode.c.objc; path = AIBaseSendPackCellModel.m; sourceTree = "<group>"; };
		451131B12146AAFC0040CA41 /* AIGroupSendRedPackModel.h */ = {isa = PBXFileReference; fileEncoding = 4; lastKnownFileType = sourcecode.c.h; path = AIGroupSendRedPackModel.h; sourceTree = "<group>"; };
		451131B22146AAFC0040CA41 /* AIRedPackCellModel.h */ = {isa = PBXFileReference; fileEncoding = 4; lastKnownFileType = sourcecode.c.h; path = AIRedPackCellModel.h; sourceTree = "<group>"; };
		451131B32146AAFC0040CA41 /* AIGreetingCellModel.m */ = {isa = PBXFileReference; fileEncoding = 4; lastKnownFileType = sourcecode.c.objc; path = AIGreetingCellModel.m; sourceTree = "<group>"; };
		451131B42146AAFC0040CA41 /* AIGroupSendRedPackModel.m */ = {isa = PBXFileReference; fileEncoding = 4; lastKnownFileType = sourcecode.c.objc; path = AIGroupSendRedPackModel.m; sourceTree = "<group>"; };
		451131B52146AAFC0040CA41 /* AIBaseSendPackCellModel.h */ = {isa = PBXFileReference; fileEncoding = 4; lastKnownFileType = sourcecode.c.h; path = AIBaseSendPackCellModel.h; sourceTree = "<group>"; };
		451131B62146AAFC0040CA41 /* AISendPackEnum.h */ = {isa = PBXFileReference; fileEncoding = 4; lastKnownFileType = sourcecode.c.h; path = AISendPackEnum.h; sourceTree = "<group>"; };
		451131B72146AAFC0040CA41 /* AIGreetingCellModel.h */ = {isa = PBXFileReference; fileEncoding = 4; lastKnownFileType = sourcecode.c.h; path = AIGreetingCellModel.h; sourceTree = "<group>"; };
		451131B82146AAFC0040CA41 /* AIRedPackCellModel.m */ = {isa = PBXFileReference; fileEncoding = 4; lastKnownFileType = sourcecode.c.objc; path = AIRedPackCellModel.m; sourceTree = "<group>"; };
		451131B92146AAFC0040CA41 /* AIGreetingTableViewCell.h */ = {isa = PBXFileReference; fileEncoding = 4; lastKnownFileType = sourcecode.c.h; path = AIGreetingTableViewCell.h; sourceTree = "<group>"; };
		451131BA2146AAFC0040CA41 /* AISendPackFooterView.m */ = {isa = PBXFileReference; fileEncoding = 4; lastKnownFileType = sourcecode.c.objc; path = AISendPackFooterView.m; sourceTree = "<group>"; };
		451131BB2146AAFC0040CA41 /* AIRedPackTableViewCell.m */ = {isa = PBXFileReference; fileEncoding = 4; lastKnownFileType = sourcecode.c.objc; path = AIRedPackTableViewCell.m; sourceTree = "<group>"; };
		451131BC2146AAFC0040CA41 /* AIGroupSendPackViewController.m */ = {isa = PBXFileReference; fileEncoding = 4; lastKnownFileType = sourcecode.c.objc; path = AIGroupSendPackViewController.m; sourceTree = "<group>"; };
		451131BD2146AAFC0040CA41 /* AISendPackSectionHeaderView.h */ = {isa = PBXFileReference; fileEncoding = 4; lastKnownFileType = sourcecode.c.h; path = AISendPackSectionHeaderView.h; sourceTree = "<group>"; };
		451131BE2146AAFC0040CA41 /* AIBaseSendPackViewController.m */ = {isa = PBXFileReference; fileEncoding = 4; lastKnownFileType = sourcecode.c.objc; path = AIBaseSendPackViewController.m; sourceTree = "<group>"; };
		451131BF2146AAFC0040CA41 /* AISendPackFooterView.h */ = {isa = PBXFileReference; fileEncoding = 4; lastKnownFileType = sourcecode.c.h; path = AISendPackFooterView.h; sourceTree = "<group>"; };
		451131C02146AAFC0040CA41 /* AIGreetingTableViewCell.m */ = {isa = PBXFileReference; fileEncoding = 4; lastKnownFileType = sourcecode.c.objc; path = AIGreetingTableViewCell.m; sourceTree = "<group>"; };
		451131C12146AAFC0040CA41 /* AIGroupSendPackHeaderView.h */ = {isa = PBXFileReference; fileEncoding = 4; lastKnownFileType = sourcecode.c.h; path = AIGroupSendPackHeaderView.h; sourceTree = "<group>"; };
		451131C22146AAFC0040CA41 /* AISingleSendPackViewController.h */ = {isa = PBXFileReference; fileEncoding = 4; lastKnownFileType = sourcecode.c.h; path = AISingleSendPackViewController.h; sourceTree = "<group>"; };
		451131C32146AAFC0040CA41 /* AISendPackViewProtocol.h */ = {isa = PBXFileReference; fileEncoding = 4; lastKnownFileType = sourcecode.c.h; path = AISendPackViewProtocol.h; sourceTree = "<group>"; };
		451131C42146AAFC0040CA41 /* AIRedPackTableViewCell.h */ = {isa = PBXFileReference; fileEncoding = 4; lastKnownFileType = sourcecode.c.h; path = AIRedPackTableViewCell.h; sourceTree = "<group>"; };
		451131C52146AAFC0040CA41 /* AIBaseSendPackViewController.h */ = {isa = PBXFileReference; fileEncoding = 4; lastKnownFileType = sourcecode.c.h; path = AIBaseSendPackViewController.h; sourceTree = "<group>"; };
		451131C62146AAFC0040CA41 /* AISendPackSectionHeaderView.m */ = {isa = PBXFileReference; fileEncoding = 4; lastKnownFileType = sourcecode.c.objc; path = AISendPackSectionHeaderView.m; sourceTree = "<group>"; };
		451131C72146AAFC0040CA41 /* AIGroupSendPackViewController.h */ = {isa = PBXFileReference; fileEncoding = 4; lastKnownFileType = sourcecode.c.h; path = AIGroupSendPackViewController.h; sourceTree = "<group>"; };
		451131C92146AAFC0040CA41 /* AISendPackInteractor.m */ = {isa = PBXFileReference; fileEncoding = 4; lastKnownFileType = sourcecode.c.objc; path = AISendPackInteractor.m; sourceTree = "<group>"; };
		451131CA2146AAFC0040CA41 /* AISendPackInteractorProtocol.h */ = {isa = PBXFileReference; fileEncoding = 4; lastKnownFileType = sourcecode.c.h; path = AISendPackInteractorProtocol.h; sourceTree = "<group>"; };
		451131CB2146AAFC0040CA41 /* AISendPackInteractor.h */ = {isa = PBXFileReference; fileEncoding = 4; lastKnownFileType = sourcecode.c.h; path = AISendPackInteractor.h; sourceTree = "<group>"; };
		451131DF2146B1300040CA41 /* AIRedPackVIPER-PrefixHeader.pch */ = {isa = PBXFileReference; lastKnownFileType = sourcecode.c.h; path = "AIRedPackVIPER-PrefixHeader.pch"; sourceTree = "<group>"; };
		451131E02146B61A0040CA41 /* AIScaleTool.h */ = {isa = PBXFileReference; fileEncoding = 4; lastKnownFileType = sourcecode.c.h; path = AIScaleTool.h; sourceTree = "<group>"; };
		451131E12146B61A0040CA41 /* AIScaleTool.m */ = {isa = PBXFileReference; fileEncoding = 4; lastKnownFileType = sourcecode.c.objc; path = AIScaleTool.m; sourceTree = "<group>"; };
		451131E32147C1060040CA41 /* AITransferPasswordView.h */ = {isa = PBXFileReference; fileEncoding = 4; lastKnownFileType = sourcecode.c.h; path = AITransferPasswordView.h; sourceTree = "<group>"; };
		451131E42147C1060040CA41 /* AITransferPasswordView.m */ = {isa = PBXFileReference; fileEncoding = 4; lastKnownFileType = sourcecode.c.objc; path = AITransferPasswordView.m; sourceTree = "<group>"; };
		451131E62147C2790040CA41 /* TGPasswordFieldView.h */ = {isa = PBXFileReference; fileEncoding = 4; lastKnownFileType = sourcecode.c.h; path = TGPasswordFieldView.h; sourceTree = "<group>"; };
		451131E72147C2790040CA41 /* TGPasswordTextField.m */ = {isa = PBXFileReference; fileEncoding = 4; lastKnownFileType = sourcecode.c.objc; path = TGPasswordTextField.m; sourceTree = "<group>"; };
		451131E82147C2790040CA41 /* TGPasswordTextField.h */ = {isa = PBXFileReference; fileEncoding = 4; lastKnownFileType = sourcecode.c.h; path = TGPasswordTextField.h; sourceTree = "<group>"; };
		451131E92147C2790040CA41 /* TGPasswordFieldView.m */ = {isa = PBXFileReference; fileEncoding = 4; lastKnownFileType = sourcecode.c.objc; path = TGPasswordFieldView.m; sourceTree = "<group>"; };
		45878E682147CC3500046BC2 /* RegexManager.h */ = {isa = PBXFileReference; fileEncoding = 4; lastKnownFileType = sourcecode.c.h; path = RegexManager.h; sourceTree = "<group>"; };
		45878E692147CC3500046BC2 /* RegexManager.m */ = {isa = PBXFileReference; fileEncoding = 4; lastKnownFileType = sourcecode.c.objc; path = RegexManager.m; sourceTree = "<group>"; };
		45EA0D782146A702003DAAC3 /* AIRedPackVIPER-RACObjc.app */ = {isa = PBXFileReference; explicitFileType = wrapper.application; includeInIndex = 0; path = "AIRedPackVIPER-RACObjc.app"; sourceTree = BUILT_PRODUCTS_DIR; };
		45EA0D7B2146A702003DAAC3 /* AppDelegate.h */ = {isa = PBXFileReference; lastKnownFileType = sourcecode.c.h; path = AppDelegate.h; sourceTree = "<group>"; };
		45EA0D7C2146A702003DAAC3 /* AppDelegate.m */ = {isa = PBXFileReference; lastKnownFileType = sourcecode.c.objc; path = AppDelegate.m; sourceTree = "<group>"; };
		45EA0D842146A706003DAAC3 /* Assets.xcassets */ = {isa = PBXFileReference; lastKnownFileType = folder.assetcatalog; path = Assets.xcassets; sourceTree = "<group>"; };
		45EA0D872146A706003DAAC3 /* Base */ = {isa = PBXFileReference; lastKnownFileType = file.storyboard; name = Base; path = Base.lproj/LaunchScreen.storyboard; sourceTree = "<group>"; };
		45EA0D892146A706003DAAC3 /* Info.plist */ = {isa = PBXFileReference; lastKnownFileType = text.plist.xml; path = Info.plist; sourceTree = "<group>"; };
		45EA0D8A2146A706003DAAC3 /* main.m */ = {isa = PBXFileReference; lastKnownFileType = sourcecode.c.objc; path = main.m; sourceTree = "<group>"; };
		45EA0D902146A707003DAAC3 /* AIRedPackVIPER-RACObjcTests.xctest */ = {isa = PBXFileReference; explicitFileType = wrapper.cfbundle; includeInIndex = 0; path = "AIRedPackVIPER-RACObjcTests.xctest"; sourceTree = BUILT_PRODUCTS_DIR; };
		45EA0D942146A707003DAAC3 /* AIRedPackVIPER_RACObjcTests.m */ = {isa = PBXFileReference; lastKnownFileType = sourcecode.c.objc; path = AIRedPackVIPER_RACObjcTests.m; sourceTree = "<group>"; };
		45EA0D962146A707003DAAC3 /* Info.plist */ = {isa = PBXFileReference; lastKnownFileType = text.plist.xml; path = Info.plist; sourceTree = "<group>"; };
		45EA0D9B2146A707003DAAC3 /* AIRedPackVIPER-RACObjcUITests.xctest */ = {isa = PBXFileReference; explicitFileType = wrapper.cfbundle; includeInIndex = 0; path = "AIRedPackVIPER-RACObjcUITests.xctest"; sourceTree = BUILT_PRODUCTS_DIR; };
		45EA0D9F2146A707003DAAC3 /* AIRedPackVIPER_RACObjcUITests.m */ = {isa = PBXFileReference; lastKnownFileType = sourcecode.c.objc; path = AIRedPackVIPER_RACObjcUITests.m; sourceTree = "<group>"; };
		45EA0DA12146A707003DAAC3 /* Info.plist */ = {isa = PBXFileReference; lastKnownFileType = text.plist.xml; path = Info.plist; sourceTree = "<group>"; };
		464E08F3447845AC4F746CA4 /* libPods-AIRedPackVIPER-RACObjc.a */ = {isa = PBXFileReference; explicitFileType = archive.ar; includeInIndex = 0; path = "libPods-AIRedPackVIPER-RACObjc.a"; sourceTree = BUILT_PRODUCTS_DIR; };
		BA44D18751A8256B6B98A2A6 /* Pods-AIRedPackVIPER-RACObjc.release.xcconfig */ = {isa = PBXFileReference; includeInIndex = 1; lastKnownFileType = text.xcconfig; name = "Pods-AIRedPackVIPER-RACObjc.release.xcconfig"; path = "Pods/Target Support Files/Pods-AIRedPackVIPER-RACObjc/Pods-AIRedPackVIPER-RACObjc.release.xcconfig"; sourceTree = "<group>"; };
/* End PBXFileReference section */

/* Begin PBXFrameworksBuildPhase section */
		45EA0D752146A701003DAAC3 /* Frameworks */ = {
			isa = PBXFrameworksBuildPhase;
			buildActionMask = 2147483647;
			files = (
				2CBBAC6D345D429BEE409AF1 /* libPods-AIRedPackVIPER-RACObjc.a in Frameworks */,
			);
			runOnlyForDeploymentPostprocessing = 0;
		};
		45EA0D8D2146A707003DAAC3 /* Frameworks */ = {
			isa = PBXFrameworksBuildPhase;
			buildActionMask = 2147483647;
			files = (
			);
			runOnlyForDeploymentPostprocessing = 0;
		};
		45EA0D982146A707003DAAC3 /* Frameworks */ = {
			isa = PBXFrameworksBuildPhase;
			buildActionMask = 2147483647;
			files = (
			);
			runOnlyForDeploymentPostprocessing = 0;
		};
/* End PBXFrameworksBuildPhase section */

/* Begin PBXGroup section */
		451131982146AAFC0040CA41 /* AISendRedPack */ = {
			isa = PBXGroup;
			children = (
				451131992146AAFC0040CA41 /* Route */,
				451131A02146AAFC0040CA41 /* Entity */,
				451131A52146AAFC0040CA41 /* Presenter */,
				451131A92146AAFC0040CA41 /* Network */,
				451131AC2146AAFC0040CA41 /* View */,
				451131C82146AAFC0040CA41 /* Interactor */,
			);
			path = AISendRedPack;
			sourceTree = "<group>";
		};
		451131992146AAFC0040CA41 /* Route */ = {
			isa = PBXGroup;
			children = (
				4511319A2146AAFC0040CA41 /* AIShowSendPackRouteProtocol.h */,
				4511319D2146AAFC0040CA41 /* AIShowSendPackRoute.h */,
				4511319C2146AAFC0040CA41 /* AIShowSendPackRoute.m */,
				4511319E2146AAFC0040CA41 /* AISendPackRoute.h */,
				4511319B2146AAFC0040CA41 /* AISendPackRoute.m */,
				4511319F2146AAFC0040CA41 /* AISendPackRouteProtocol.h */,
			);
			path = Route;
			sourceTree = "<group>";
		};
		451131A02146AAFC0040CA41 /* Entity */ = {
			isa = PBXGroup;
			children = (
				451131A32146AAFC0040CA41 /* AISendPackEntity.h */,
				451131A12146AAFC0040CA41 /* AISendPackEntity.m */,
				451131A22146AAFC0040CA41 /* AISendPackConfigEntity.h */,
				451131A42146AAFC0040CA41 /* AISendPackConfigEntity.m */,
			);
			path = Entity;
			sourceTree = "<group>";
		};
		451131A52146AAFC0040CA41 /* Presenter */ = {
			isa = PBXGroup;
			children = (
				451131A72146AAFC0040CA41 /* AISendPackPresenterProtocol.h */,
				451131A62146AAFC0040CA41 /* AISendPackPresneter.h */,
				451131A82146AAFC0040CA41 /* AISendPackPresneter.m */,
			);
			path = Presenter;
			sourceTree = "<group>";
		};
		451131A92146AAFC0040CA41 /* Network */ = {
			isa = PBXGroup;
			children = (
				451131AB2146AAFC0040CA41 /* AISendPackNetworkManager.h */,
				451131AA2146AAFC0040CA41 /* AISendPackNetworkManager.m */,
			);
			path = Network;
			sourceTree = "<group>";
		};
		451131AC2146AAFC0040CA41 /* View */ = {
			isa = PBXGroup;
			children = (
				451131C52146AAFC0040CA41 /* AIBaseSendPackViewController.h */,
				451131BE2146AAFC0040CA41 /* AIBaseSendPackViewController.m */,
				451131B92146AAFC0040CA41 /* AIGreetingTableViewCell.h */,
				451131C02146AAFC0040CA41 /* AIGreetingTableViewCell.m */,
				451131C12146AAFC0040CA41 /* AIGroupSendPackHeaderView.h */,
				451131AD2146AAFC0040CA41 /* AIGroupSendPackHeaderView.m */,
				451131C72146AAFC0040CA41 /* AIGroupSendPackViewController.h */,
				451131BC2146AAFC0040CA41 /* AIGroupSendPackViewController.m */,
				451131C42146AAFC0040CA41 /* AIRedPackTableViewCell.h */,
				451131BB2146AAFC0040CA41 /* AIRedPackTableViewCell.m */,
				451131BF2146AAFC0040CA41 /* AISendPackFooterView.h */,
				451131BA2146AAFC0040CA41 /* AISendPackFooterView.m */,
				451131BD2146AAFC0040CA41 /* AISendPackSectionHeaderView.h */,
				451131C62146AAFC0040CA41 /* AISendPackSectionHeaderView.m */,
				451131C32146AAFC0040CA41 /* AISendPackViewProtocol.h */,
				451131C22146AAFC0040CA41 /* AISingleSendPackViewController.h */,
				451131AE2146AAFC0040CA41 /* AISingleSendPackViewController.m */,
				451131E32147C1060040CA41 /* AITransferPasswordView.h */,
				451131E42147C1060040CA41 /* AITransferPasswordView.m */,
				451131E62147C2790040CA41 /* TGPasswordFieldView.h */,
				451131E92147C2790040CA41 /* TGPasswordFieldView.m */,
				451131E82147C2790040CA41 /* TGPasswordTextField.h */,
				451131E72147C2790040CA41 /* TGPasswordTextField.m */,
				451131AF2146AAFC0040CA41 /* ViewModel */,
			);
			path = View;
			sourceTree = "<group>";
		};
		451131AF2146AAFC0040CA41 /* ViewModel */ = {
			isa = PBXGroup;
			children = (
				451131B52146AAFC0040CA41 /* AIBaseSendPackCellModel.h */,
				451131B02146AAFC0040CA41 /* AIBaseSendPackCellModel.m */,
				451131B72146AAFC0040CA41 /* AIGreetingCellModel.h */,
				451131B32146AAFC0040CA41 /* AIGreetingCellModel.m */,
				451131B12146AAFC0040CA41 /* AIGroupSendRedPackModel.h */,
				451131B42146AAFC0040CA41 /* AIGroupSendRedPackModel.m */,
				451131B22146AAFC0040CA41 /* AIRedPackCellModel.h */,
				451131B82146AAFC0040CA41 /* AIRedPackCellModel.m */,
				451131B62146AAFC0040CA41 /* AISendPackEnum.h */,
			);
			path = ViewModel;
			sourceTree = "<group>";
		};
		451131C82146AAFC0040CA41 /* Interactor */ = {
			isa = PBXGroup;
			children = (
				451131CB2146AAFC0040CA41 /* AISendPackInteractor.h */,
				451131C92146AAFC0040CA41 /* AISendPackInteractor.m */,
				451131CA2146AAFC0040CA41 /* AISendPackInteractorProtocol.h */,
			);
			path = Interactor;
			sourceTree = "<group>";
		};
		45EA0D6F2146A701003DAAC3 = {
			isa = PBXGroup;
			children = (
				45EA0D7A2146A702003DAAC3 /* AIRedPackVIPER-RACObjc */,
				45EA0D932146A707003DAAC3 /* AIRedPackVIPER-RACObjcTests */,
				45EA0D9E2146A707003DAAC3 /* AIRedPackVIPER-RACObjcUITests */,
				45EA0D792146A702003DAAC3 /* Products */,
				69000B1525BB285F468F19AA /* Pods */,
				6CFBEFB5F923A4C13AE2CDFF /* Frameworks */,
			);
			sourceTree = "<group>";
		};
		45EA0D792146A702003DAAC3 /* Products */ = {
			isa = PBXGroup;
			children = (
				45EA0D782146A702003DAAC3 /* AIRedPackVIPER-RACObjc.app */,
				45EA0D902146A707003DAAC3 /* AIRedPackVIPER-RACObjcTests.xctest */,
				45EA0D9B2146A707003DAAC3 /* AIRedPackVIPER-RACObjcUITests.xctest */,
			);
			name = Products;
			sourceTree = "<group>";
		};
		45EA0D7A2146A702003DAAC3 /* AIRedPackVIPER-RACObjc */ = {
			isa = PBXGroup;
			children = (
				451131982146AAFC0040CA41 /* AISendRedPack */,
				45EA0D7B2146A702003DAAC3 /* AppDelegate.h */,
				45EA0D7C2146A702003DAAC3 /* AppDelegate.m */,
				45EA0D842146A706003DAAC3 /* Assets.xcassets */,
				45EA0D862146A706003DAAC3 /* LaunchScreen.storyboard */,
				45EA0D892146A706003DAAC3 /* Info.plist */,
				45EA0D8A2146A706003DAAC3 /* main.m */,
				451131E02146B61A0040CA41 /* AIScaleTool.h */,
				451131E12146B61A0040CA41 /* AIScaleTool.m */,
				45878E682147CC3500046BC2 /* RegexManager.h */,
				45878E692147CC3500046BC2 /* RegexManager.m */,
				451131DF2146B1300040CA41 /* AIRedPackVIPER-PrefixHeader.pch */,
			);
			path = "AIRedPackVIPER-RACObjc";
			sourceTree = "<group>";
		};
		45EA0D932146A707003DAAC3 /* AIRedPackVIPER-RACObjcTests */ = {
			isa = PBXGroup;
			children = (
				45EA0D942146A707003DAAC3 /* AIRedPackVIPER_RACObjcTests.m */,
				45EA0D962146A707003DAAC3 /* Info.plist */,
			);
			path = "AIRedPackVIPER-RACObjcTests";
			sourceTree = "<group>";
		};
		45EA0D9E2146A707003DAAC3 /* AIRedPackVIPER-RACObjcUITests */ = {
			isa = PBXGroup;
			children = (
				45EA0D9F2146A707003DAAC3 /* AIRedPackVIPER_RACObjcUITests.m */,
				45EA0DA12146A707003DAAC3 /* Info.plist */,
			);
			path = "AIRedPackVIPER-RACObjcUITests";
			sourceTree = "<group>";
		};
		69000B1525BB285F468F19AA /* Pods */ = {
			isa = PBXGroup;
			children = (
				1356C6C98EA964783D20B866 /* Pods-AIRedPackVIPER-RACObjc.debug.xcconfig */,
				BA44D18751A8256B6B98A2A6 /* Pods-AIRedPackVIPER-RACObjc.release.xcconfig */,
			);
			name = Pods;
			sourceTree = "<group>";
		};
		6CFBEFB5F923A4C13AE2CDFF /* Frameworks */ = {
			isa = PBXGroup;
			children = (
				464E08F3447845AC4F746CA4 /* libPods-AIRedPackVIPER-RACObjc.a */,
			);
			name = Frameworks;
			sourceTree = "<group>";
		};
/* End PBXGroup section */

/* Begin PBXNativeTarget section */
		45EA0D772146A701003DAAC3 /* AIRedPackVIPER-RACObjc */ = {
			isa = PBXNativeTarget;
			buildConfigurationList = 45EA0DA42146A707003DAAC3 /* Build configuration list for PBXNativeTarget "AIRedPackVIPER-RACObjc" */;
			buildPhases = (
				938D3D8FD4B9E89DCD6B235D /* [CP] Check Pods Manifest.lock */,
				45EA0D742146A701003DAAC3 /* Sources */,
				45EA0D752146A701003DAAC3 /* Frameworks */,
				45EA0D762146A701003DAAC3 /* Resources */,
			);
			buildRules = (
			);
			dependencies = (
			);
			name = "AIRedPackVIPER-RACObjc";
			productName = "AIRedPackVIPER-RACObjc";
			productReference = 45EA0D782146A702003DAAC3 /* AIRedPackVIPER-RACObjc.app */;
			productType = "com.apple.product-type.application";
		};
		45EA0D8F2146A707003DAAC3 /* AIRedPackVIPER-RACObjcTests */ = {
			isa = PBXNativeTarget;
			buildConfigurationList = 45EA0DA72146A707003DAAC3 /* Build configuration list for PBXNativeTarget "AIRedPackVIPER-RACObjcTests" */;
			buildPhases = (
				45EA0D8C2146A707003DAAC3 /* Sources */,
				45EA0D8D2146A707003DAAC3 /* Frameworks */,
				45EA0D8E2146A707003DAAC3 /* Resources */,
			);
			buildRules = (
			);
			dependencies = (
				45EA0D922146A707003DAAC3 /* PBXTargetDependency */,
			);
			name = "AIRedPackVIPER-RACObjcTests";
			productName = "AIRedPackVIPER-RACObjcTests";
			productReference = 45EA0D902146A707003DAAC3 /* AIRedPackVIPER-RACObjcTests.xctest */;
			productType = "com.apple.product-type.bundle.unit-test";
		};
		45EA0D9A2146A707003DAAC3 /* AIRedPackVIPER-RACObjcUITests */ = {
			isa = PBXNativeTarget;
			buildConfigurationList = 45EA0DAA2146A707003DAAC3 /* Build configuration list for PBXNativeTarget "AIRedPackVIPER-RACObjcUITests" */;
			buildPhases = (
				45EA0D972146A707003DAAC3 /* Sources */,
				45EA0D982146A707003DAAC3 /* Frameworks */,
				45EA0D992146A707003DAAC3 /* Resources */,
			);
			buildRules = (
			);
			dependencies = (
				45EA0D9D2146A707003DAAC3 /* PBXTargetDependency */,
			);
			name = "AIRedPackVIPER-RACObjcUITests";
			productName = "AIRedPackVIPER-RACObjcUITests";
			productReference = 45EA0D9B2146A707003DAAC3 /* AIRedPackVIPER-RACObjcUITests.xctest */;
			productType = "com.apple.product-type.bundle.ui-testing";
		};
/* End PBXNativeTarget section */

/* Begin PBXProject section */
		45EA0D702146A701003DAAC3 /* Project object */ = {
			isa = PBXProject;
			attributes = {
				LastUpgradeCheck = 0940;
				ORGANIZATIONNAME = "艾泽鑫";
				TargetAttributes = {
					45EA0D772146A701003DAAC3 = {
						CreatedOnToolsVersion = 9.4.1;
					};
					45EA0D8F2146A707003DAAC3 = {
						CreatedOnToolsVersion = 9.4.1;
						TestTargetID = 45EA0D772146A701003DAAC3;
					};
					45EA0D9A2146A707003DAAC3 = {
						CreatedOnToolsVersion = 9.4.1;
						TestTargetID = 45EA0D772146A701003DAAC3;
					};
				};
			};
			buildConfigurationList = 45EA0D732146A701003DAAC3 /* Build configuration list for PBXProject "AIRedPackVIPER-RACObjc" */;
			compatibilityVersion = "Xcode 9.3";
			developmentRegion = en;
			hasScannedForEncodings = 0;
			knownRegions = (
				en,
				Base,
			);
			mainGroup = 45EA0D6F2146A701003DAAC3;
			productRefGroup = 45EA0D792146A702003DAAC3 /* Products */;
			projectDirPath = "";
			projectRoot = "";
			targets = (
				45EA0D772146A701003DAAC3 /* AIRedPackVIPER-RACObjc */,
				45EA0D8F2146A707003DAAC3 /* AIRedPackVIPER-RACObjcTests */,
				45EA0D9A2146A707003DAAC3 /* AIRedPackVIPER-RACObjcUITests */,
			);
		};
/* End PBXProject section */

/* Begin PBXResourcesBuildPhase section */
		45EA0D762146A701003DAAC3 /* Resources */ = {
			isa = PBXResourcesBuildPhase;
			buildActionMask = 2147483647;
			files = (
				45EA0D882146A706003DAAC3 /* LaunchScreen.storyboard in Resources */,
				45EA0D852146A706003DAAC3 /* Assets.xcassets in Resources */,
			);
			runOnlyForDeploymentPostprocessing = 0;
		};
		45EA0D8E2146A707003DAAC3 /* Resources */ = {
			isa = PBXResourcesBuildPhase;
			buildActionMask = 2147483647;
			files = (
			);
			runOnlyForDeploymentPostprocessing = 0;
		};
		45EA0D992146A707003DAAC3 /* Resources */ = {
			isa = PBXResourcesBuildPhase;
			buildActionMask = 2147483647;
			files = (
			);
			runOnlyForDeploymentPostprocessing = 0;
		};
/* End PBXResourcesBuildPhase section */

/* Begin PBXShellScriptBuildPhase section */
		938D3D8FD4B9E89DCD6B235D /* [CP] Check Pods Manifest.lock */ = {
			isa = PBXShellScriptBuildPhase;
			buildActionMask = 2147483647;
			files = (
			);
			inputPaths = (
				"${PODS_PODFILE_DIR_PATH}/Podfile.lock",
				"${PODS_ROOT}/Manifest.lock",
			);
			name = "[CP] Check Pods Manifest.lock";
			outputPaths = (
				"$(DERIVED_FILE_DIR)/Pods-AIRedPackVIPER-RACObjc-checkManifestLockResult.txt",
			);
			runOnlyForDeploymentPostprocessing = 0;
			shellPath = /bin/sh;
			shellScript = "diff \"${PODS_PODFILE_DIR_PATH}/Podfile.lock\" \"${PODS_ROOT}/Manifest.lock\" > /dev/null\nif [ $? != 0 ] ; then\n    # print error to STDERR\n    echo \"error: The sandbox is not in sync with the Podfile.lock. Run 'pod install' or update your CocoaPods installation.\" >&2\n    exit 1\nfi\n# This output is used by Xcode 'outputs' to avoid re-running this script phase.\necho \"SUCCESS\" > \"${SCRIPT_OUTPUT_FILE_0}\"\n";
			showEnvVarsInLog = 0;
		};
/* End PBXShellScriptBuildPhase section */

/* Begin PBXSourcesBuildPhase section */
		45EA0D742146A701003DAAC3 /* Sources */ = {
			isa = PBXSourcesBuildPhase;
			buildActionMask = 2147483647;
			files = (
				451131E22146B61A0040CA41 /* AIScaleTool.m in Sources */,
				451131CF2146AAFC0040CA41 /* AISendPackConfigEntity.m in Sources */,
				451131D12146AAFC0040CA41 /* AISendPackNetworkManager.m in Sources */,
				45EA0D8B2146A706003DAAC3 /* main.m in Sources */,
				451131D02146AAFC0040CA41 /* AISendPackPresneter.m in Sources */,
				451131DE2146AAFC0040CA41 /* AISendPackInteractor.m in Sources */,
				451131D32146AAFC0040CA41 /* AISingleSendPackViewController.m in Sources */,
				451131DD2146AAFC0040CA41 /* AISendPackSectionHeaderView.m in Sources */,
				451131CC2146AAFC0040CA41 /* AISendPackRoute.m in Sources */,
				451131D22146AAFC0040CA41 /* AIGroupSendPackHeaderView.m in Sources */,
				45EA0D7D2146A702003DAAC3 /* AppDelegate.m in Sources */,
				451131D92146AAFC0040CA41 /* AIRedPackTableViewCell.m in Sources */,
				451131DC2146AAFC0040CA41 /* AIGreetingTableViewCell.m in Sources */,
				451131DB2146AAFC0040CA41 /* AIBaseSendPackViewController.m in Sources */,
				451131CD2146AAFC0040CA41 /* AIShowSendPackRoute.m in Sources */,
				451131D72146AAFC0040CA41 /* AIRedPackCellModel.m in Sources */,
				451131D62146AAFC0040CA41 /* AIGroupSendRedPackModel.m in Sources */,
				451131D52146AAFC0040CA41 /* AIGreetingCellModel.m in Sources */,
				451131CE2146AAFC0040CA41 /* AISendPackEntity.m in Sources */,
				451131E52147C1060040CA41 /* AITransferPasswordView.m in Sources */,
				451131D82146AAFC0040CA41 /* AISendPackFooterView.m in Sources */,
				45878E6A2147CC3500046BC2 /* RegexManager.m in Sources */,
				451131D42146AAFC0040CA41 /* AIBaseSendPackCellModel.m in Sources */,
				451131DA2146AAFC0040CA41 /* AIGroupSendPackViewController.m in Sources */,
				451131EA2147C2790040CA41 /* TGPasswordTextField.m in Sources */,
				451131EB2147C2790040CA41 /* TGPasswordFieldView.m in Sources */,
			);
			runOnlyForDeploymentPostprocessing = 0;
		};
		45EA0D8C2146A707003DAAC3 /* Sources */ = {
			isa = PBXSourcesBuildPhase;
			buildActionMask = 2147483647;
			files = (
				45EA0D952146A707003DAAC3 /* AIRedPackVIPER_RACObjcTests.m in Sources */,
			);
			runOnlyForDeploymentPostprocessing = 0;
		};
		45EA0D972146A707003DAAC3 /* Sources */ = {
			isa = PBXSourcesBuildPhase;
			buildActionMask = 2147483647;
			files = (
				45EA0DA02146A707003DAAC3 /* AIRedPackVIPER_RACObjcUITests.m in Sources */,
			);
			runOnlyForDeploymentPostprocessing = 0;
		};
/* End PBXSourcesBuildPhase section */

/* Begin PBXTargetDependency section */
		45EA0D922146A707003DAAC3 /* PBXTargetDependency */ = {
			isa = PBXTargetDependency;
			target = 45EA0D772146A701003DAAC3 /* AIRedPackVIPER-RACObjc */;
			targetProxy = 45EA0D912146A707003DAAC3 /* PBXContainerItemProxy */;
		};
		45EA0D9D2146A707003DAAC3 /* PBXTargetDependency */ = {
			isa = PBXTargetDependency;
			target = 45EA0D772146A701003DAAC3 /* AIRedPackVIPER-RACObjc */;
			targetProxy = 45EA0D9C2146A707003DAAC3 /* PBXContainerItemProxy */;
		};
/* End PBXTargetDependency section */

/* Begin PBXVariantGroup section */
		45EA0D862146A706003DAAC3 /* LaunchScreen.storyboard */ = {
			isa = PBXVariantGroup;
			children = (
				45EA0D872146A706003DAAC3 /* Base */,
			);
			name = LaunchScreen.storyboard;
			sourceTree = "<group>";
		};
/* End PBXVariantGroup section */

/* Begin XCBuildConfiguration section */
		45EA0DA22146A707003DAAC3 /* Debug */ = {
			isa = XCBuildConfiguration;
			buildSettings = {
				ALWAYS_SEARCH_USER_PATHS = NO;
				CLANG_ANALYZER_NONNULL = YES;
				CLANG_ANALYZER_NUMBER_OBJECT_CONVERSION = YES_AGGRESSIVE;
				CLANG_CXX_LANGUAGE_STANDARD = "gnu++14";
				CLANG_CXX_LIBRARY = "libc++";
				CLANG_ENABLE_MODULES = YES;
				CLANG_ENABLE_OBJC_ARC = YES;
				CLANG_ENABLE_OBJC_WEAK = YES;
				CLANG_WARN_BLOCK_CAPTURE_AUTORELEASING = YES;
				CLANG_WARN_BOOL_CONVERSION = YES;
				CLANG_WARN_COMMA = YES;
				CLANG_WARN_CONSTANT_CONVERSION = YES;
				CLANG_WARN_DEPRECATED_OBJC_IMPLEMENTATIONS = YES;
				CLANG_WARN_DIRECT_OBJC_ISA_USAGE = YES_ERROR;
				CLANG_WARN_DOCUMENTATION_COMMENTS = YES;
				CLANG_WARN_EMPTY_BODY = YES;
				CLANG_WARN_ENUM_CONVERSION = YES;
				CLANG_WARN_INFINITE_RECURSION = YES;
				CLANG_WARN_INT_CONVERSION = YES;
				CLANG_WARN_NON_LITERAL_NULL_CONVERSION = YES;
				CLANG_WARN_OBJC_IMPLICIT_RETAIN_SELF = YES;
				CLANG_WARN_OBJC_LITERAL_CONVERSION = YES;
				CLANG_WARN_OBJC_ROOT_CLASS = YES_ERROR;
				CLANG_WARN_RANGE_LOOP_ANALYSIS = YES;
				CLANG_WARN_STRICT_PROTOTYPES = YES;
				CLANG_WARN_SUSPICIOUS_MOVE = YES;
				CLANG_WARN_UNGUARDED_AVAILABILITY = YES_AGGRESSIVE;
				CLANG_WARN_UNREACHABLE_CODE = YES;
				CLANG_WARN__DUPLICATE_METHOD_MATCH = YES;
				CODE_SIGN_IDENTITY = "iPhone Developer";
				COPY_PHASE_STRIP = NO;
				DEBUG_INFORMATION_FORMAT = dwarf;
				ENABLE_STRICT_OBJC_MSGSEND = YES;
				ENABLE_TESTABILITY = YES;
				GCC_C_LANGUAGE_STANDARD = gnu11;
				GCC_DYNAMIC_NO_PIC = NO;
				GCC_NO_COMMON_BLOCKS = YES;
				GCC_OPTIMIZATION_LEVEL = 0;
				GCC_PREPROCESSOR_DEFINITIONS = (
					"DEBUG=1",
					"$(inherited)",
				);
				GCC_WARN_64_TO_32_BIT_CONVERSION = YES;
				GCC_WARN_ABOUT_RETURN_TYPE = YES_ERROR;
				GCC_WARN_UNDECLARED_SELECTOR = YES;
				GCC_WARN_UNINITIALIZED_AUTOS = YES_AGGRESSIVE;
				GCC_WARN_UNUSED_FUNCTION = YES;
				GCC_WARN_UNUSED_VARIABLE = YES;
				IPHONEOS_DEPLOYMENT_TARGET = 11.4;
				MTL_ENABLE_DEBUG_INFO = YES;
				ONLY_ACTIVE_ARCH = YES;
				SDKROOT = iphoneos;
			};
			name = Debug;
		};
		45EA0DA32146A707003DAAC3 /* Release */ = {
			isa = XCBuildConfiguration;
			buildSettings = {
				ALWAYS_SEARCH_USER_PATHS = NO;
				CLANG_ANALYZER_NONNULL = YES;
				CLANG_ANALYZER_NUMBER_OBJECT_CONVERSION = YES_AGGRESSIVE;
				CLANG_CXX_LANGUAGE_STANDARD = "gnu++14";
				CLANG_CXX_LIBRARY = "libc++";
				CLANG_ENABLE_MODULES = YES;
				CLANG_ENABLE_OBJC_ARC = YES;
				CLANG_ENABLE_OBJC_WEAK = YES;
				CLANG_WARN_BLOCK_CAPTURE_AUTORELEASING = YES;
				CLANG_WARN_BOOL_CONVERSION = YES;
				CLANG_WARN_COMMA = YES;
				CLANG_WARN_CONSTANT_CONVERSION = YES;
				CLANG_WARN_DEPRECATED_OBJC_IMPLEMENTATIONS = YES;
				CLANG_WARN_DIRECT_OBJC_ISA_USAGE = YES_ERROR;
				CLANG_WARN_DOCUMENTATION_COMMENTS = YES;
				CLANG_WARN_EMPTY_BODY = YES;
				CLANG_WARN_ENUM_CONVERSION = YES;
				CLANG_WARN_INFINITE_RECURSION = YES;
				CLANG_WARN_INT_CONVERSION = YES;
				CLANG_WARN_NON_LITERAL_NULL_CONVERSION = YES;
				CLANG_WARN_OBJC_IMPLICIT_RETAIN_SELF = YES;
				CLANG_WARN_OBJC_LITERAL_CONVERSION = YES;
				CLANG_WARN_OBJC_ROOT_CLASS = YES_ERROR;
				CLANG_WARN_RANGE_LOOP_ANALYSIS = YES;
				CLANG_WARN_STRICT_PROTOTYPES = YES;
				CLANG_WARN_SUSPICIOUS_MOVE = YES;
				CLANG_WARN_UNGUARDED_AVAILABILITY = YES_AGGRESSIVE;
				CLANG_WARN_UNREACHABLE_CODE = YES;
				CLANG_WARN__DUPLICATE_METHOD_MATCH = YES;
				CODE_SIGN_IDENTITY = "iPhone Developer";
				COPY_PHASE_STRIP = NO;
				DEBUG_INFORMATION_FORMAT = "dwarf-with-dsym";
				ENABLE_NS_ASSERTIONS = NO;
				ENABLE_STRICT_OBJC_MSGSEND = YES;
				GCC_C_LANGUAGE_STANDARD = gnu11;
				GCC_NO_COMMON_BLOCKS = YES;
				GCC_WARN_64_TO_32_BIT_CONVERSION = YES;
				GCC_WARN_ABOUT_RETURN_TYPE = YES_ERROR;
				GCC_WARN_UNDECLARED_SELECTOR = YES;
				GCC_WARN_UNINITIALIZED_AUTOS = YES_AGGRESSIVE;
				GCC_WARN_UNUSED_FUNCTION = YES;
				GCC_WARN_UNUSED_VARIABLE = YES;
				IPHONEOS_DEPLOYMENT_TARGET = 11.4;
				MTL_ENABLE_DEBUG_INFO = NO;
				SDKROOT = iphoneos;
				VALIDATE_PRODUCT = YES;
			};
			name = Release;
		};
		45EA0DA52146A707003DAAC3 /* Debug */ = {
			isa = XCBuildConfiguration;
			baseConfigurationReference = 1356C6C98EA964783D20B866 /* Pods-AIRedPackVIPER-RACObjc.debug.xcconfig */;
			buildSettings = {
				ASSETCATALOG_COMPILER_APPICON_NAME = AppIcon;
				CODE_SIGN_STYLE = Automatic;
				DEVELOPMENT_TEAM = Y56852HD87;
				GCC_PRECOMPILE_PREFIX_HEADER = YES;
				GCC_PREFIX_HEADER = "$(SRCROOT)/AIRedPackVIPER-RACObjc/AIRedPackVIPER-PrefixHeader.pch";
				INFOPLIST_FILE = "AIRedPackVIPER-RACObjc/Info.plist";
				LD_RUNPATH_SEARCH_PATHS = (
					"$(inherited)",
					"@executable_path/Frameworks",
				);
				PRODUCT_BUNDLE_IDENTIFIER = "com.aizexin.AIRedPackVIPER-RACObjc";
				PRODUCT_NAME = "$(TARGET_NAME)";
				TARGETED_DEVICE_FAMILY = "1,2";
			};
			name = Debug;
		};
		45EA0DA62146A707003DAAC3 /* Release */ = {
			isa = XCBuildConfiguration;
			baseConfigurationReference = BA44D18751A8256B6B98A2A6 /* Pods-AIRedPackVIPER-RACObjc.release.xcconfig */;
			buildSettings = {
				ASSETCATALOG_COMPILER_APPICON_NAME = AppIcon;
				CODE_SIGN_STYLE = Automatic;
				DEVELOPMENT_TEAM = Y56852HD87;
				GCC_PRECOMPILE_PREFIX_HEADER = YES;
				GCC_PREFIX_HEADER = "$(SRCROOT)/AIRedPackVIPER-RACObjc/AIRedPackVIPER-PrefixHeader.pch";
				INFOPLIST_FILE = "AIRedPackVIPER-RACObjc/Info.plist";
				LD_RUNPATH_SEARCH_PATHS = (
					"$(inherited)",
					"@executable_path/Frameworks",
				);
				PRODUCT_BUNDLE_IDENTIFIER = "com.aizexin.AIRedPackVIPER-RACObjc";
				PRODUCT_NAME = "$(TARGET_NAME)";
				TARGETED_DEVICE_FAMILY = "1,2";
			};
			name = Release;
		};
		45EA0DA82146A707003DAAC3 /* Debug */ = {
			isa = XCBuildConfiguration;
			buildSettings = {
				BUNDLE_LOADER = "$(TEST_HOST)";
				CODE_SIGN_STYLE = Automatic;
				DEVELOPMENT_TEAM = Y56852HD87;
				INFOPLIST_FILE = "AIRedPackVIPER-RACObjcTests/Info.plist";
				LD_RUNPATH_SEARCH_PATHS = (
					"$(inherited)",
					"@executable_path/Frameworks",
					"@loader_path/Frameworks",
				);
				PRODUCT_BUNDLE_IDENTIFIER = "com.aizexin.AIRedPackVIPER-RACObjcTests";
				PRODUCT_NAME = "$(TARGET_NAME)";
				TARGETED_DEVICE_FAMILY = "1,2";
				TEST_HOST = "$(BUILT_PRODUCTS_DIR)/AIRedPackVIPER-RACObjc.app/AIRedPackVIPER-RACObjc";
			};
			name = Debug;
		};
		45EA0DA92146A707003DAAC3 /* Release */ = {
			isa = XCBuildConfiguration;
			buildSettings = {
				BUNDLE_LOADER = "$(TEST_HOST)";
				CODE_SIGN_STYLE = Automatic;
				DEVELOPMENT_TEAM = Y56852HD87;
				INFOPLIST_FILE = "AIRedPackVIPER-RACObjcTests/Info.plist";
				LD_RUNPATH_SEARCH_PATHS = (
					"$(inherited)",
					"@executable_path/Frameworks",
					"@loader_path/Frameworks",
				);
				PRODUCT_BUNDLE_IDENTIFIER = "com.aizexin.AIRedPackVIPER-RACObjcTests";
				PRODUCT_NAME = "$(TARGET_NAME)";
				TARGETED_DEVICE_FAMILY = "1,2";
				TEST_HOST = "$(BUILT_PRODUCTS_DIR)/AIRedPackVIPER-RACObjc.app/AIRedPackVIPER-RACObjc";
			};
			name = Release;
		};
		45EA0DAB2146A707003DAAC3 /* Debug */ = {
			isa = XCBuildConfiguration;
			buildSettings = {
				CODE_SIGN_STYLE = Automatic;
				DEVELOPMENT_TEAM = Y56852HD87;
				INFOPLIST_FILE = "AIRedPackVIPER-RACObjcUITests/Info.plist";
				LD_RUNPATH_SEARCH_PATHS = (
					"$(inherited)",
					"@executable_path/Frameworks",
					"@loader_path/Frameworks",
				);
				PRODUCT_BUNDLE_IDENTIFIER = "com.aizexin.AIRedPackVIPER-RACObjcUITests";
				PRODUCT_NAME = "$(TARGET_NAME)";
				TARGETED_DEVICE_FAMILY = "1,2";
				TEST_TARGET_NAME = "AIRedPackVIPER-RACObjc";
			};
			name = Debug;
		};
		45EA0DAC2146A707003DAAC3 /* Release */ = {
			isa = XCBuildConfiguration;
			buildSettings = {
				CODE_SIGN_STYLE = Automatic;
				DEVELOPMENT_TEAM = Y56852HD87;
				INFOPLIST_FILE = "AIRedPackVIPER-RACObjcUITests/Info.plist";
				LD_RUNPATH_SEARCH_PATHS = (
					"$(inherited)",
					"@executable_path/Frameworks",
					"@loader_path/Frameworks",
				);
				PRODUCT_BUNDLE_IDENTIFIER = "com.aizexin.AIRedPackVIPER-RACObjcUITests";
				PRODUCT_NAME = "$(TARGET_NAME)";
				TARGETED_DEVICE_FAMILY = "1,2";
				TEST_TARGET_NAME = "AIRedPackVIPER-RACObjc";
			};
			name = Release;
		};
/* End XCBuildConfiguration section */

/* Begin XCConfigurationList section */
		45EA0D732146A701003DAAC3 /* Build configuration list for PBXProject "AIRedPackVIPER-RACObjc" */ = {
			isa = XCConfigurationList;
			buildConfigurations = (
				45EA0DA22146A707003DAAC3 /* Debug */,
				45EA0DA32146A707003DAAC3 /* Release */,
			);
			defaultConfigurationIsVisible = 0;
			defaultConfigurationName = Release;
		};
		45EA0DA42146A707003DAAC3 /* Build configuration list for PBXNativeTarget "AIRedPackVIPER-RACObjc" */ = {
			isa = XCConfigurationList;
			buildConfigurations = (
				45EA0DA52146A707003DAAC3 /* Debug */,
				45EA0DA62146A707003DAAC3 /* Release */,
			);
			defaultConfigurationIsVisible = 0;
			defaultConfigurationName = Release;
		};
		45EA0DA72146A707003DAAC3 /* Build configuration list for PBXNativeTarget "AIRedPackVIPER-RACObjcTests" */ = {
			isa = XCConfigurationList;
			buildConfigurations = (
				45EA0DA82146A707003DAAC3 /* Debug */,
				45EA0DA92146A707003DAAC3 /* Release */,
			);
			defaultConfigurationIsVisible = 0;
			defaultConfigurationName = Release;
		};
		45EA0DAA2146A707003DAAC3 /* Build configuration list for PBXNativeTarget "AIRedPackVIPER-RACObjcUITests" */ = {
			isa = XCConfigurationList;
			buildConfigurations = (
				45EA0DAB2146A707003DAAC3 /* Debug */,
				45EA0DAC2146A707003DAAC3 /* Release */,
			);
			defaultConfigurationIsVisible = 0;
			defaultConfigurationName = Release;
		};
/* End XCConfigurationList section */
	};
	rootObject = 45EA0D702146A701003DAAC3 /* Project object */;
}
